<Solution>
  <Folder Name="/Assembler/">
    <Project Path="Assembler/Windvale.Assembler/Windvale.Assembler.csproj" />
  </Folder>
  <Folder Name="/Compiler/">
    <Project Path="Compiler/Reference/Windvale.Compiler.csproj" />
  </Folder>
  <Folder Name="/Linker/">
    <Project Path="Linker/Windvale.Linker/Windvale.Linker.csproj" />
  </Folder>
  <Folder Name="/Object-Model/">
    <Project Path="Object-Model/Windvale.ObjectModel/Windvale.ObjectModel.csproj" />
  </Folder>
  <Folder Name="/Operating-System/">
    <Project Path="Operating-System/Windvale.Bootstrap/Windvale.Bootstrap.csproj" />
  </Folder>
  <Folder Name="/Runtime/">
    <Project Path="Runtime/Windvale.Bytecode/Windvale.Bytecode.csproj" />
    <Project Path="Runtime/Windvale.Runtime/Windvale.Runtime.csproj" />
  </Folder>
  <Folder Name="/Tools/">
    <Project Path="Tools/Windvale.Tool/Windvale.Tool.csproj" />
  </Folder>
  <Folder Name="/Tests/">
    <Project Path="Tests/Windvale.Os.Tests/Windvale.Os.Tests.csproj" />
    <Project Path="Tests/Windvale.Seed.Tests/Windvale.Seed.Tests.csproj" />
  </Folder>
</Solution>
